
Microsoft Visual Studio Solution File, Format Version 12.00
# Visual Studio 15
VisualStudioVersion = 15.0.27004.2009
MinimumVisualStudioVersion = 10.0.40219.1
Project("{FAE04EC0-301F-11D3-BF4B-00C04F79EFBC}") = "RestApiApp", "RestApiApp\RestApiApp.csproj", "{A22B3F8B-DF8F-4EC9-BCA2-8AA5EA00BAF9}"
EndProject
Global
	GlobalSection(SolutionConfigurationPlatforms) = preSolution
		Debug|Any CPU = Debug|Any CPU
		Release|Any CPU = Release|Any CPU
	EndGlobalSection
	GlobalSection(ProjectConfigurationPlatforms) = postSolution
		{A22B3F8B-DF8F-4EC9-BCA2-8AA5EA00BAF9}.Debug|Any CPU.ActiveCfg = Debug|Any CPU
		{A22B3F8B-DF8F-4EC9-BCA2-8AA5EA00BAF9}.Debug|Any CPU.Build.0 = Debug|Any CPU
		{A22B3F8B-DF8F-4EC9-BCA2-8AA5EA00BAF9}.Release|Any CPU.ActiveCfg = Release|Any CPU
		{A22B3F8B-DF8F-4EC9-BCA2-8AA5EA00BAF9}.Release|Any CPU.Build.0 = Release|Any CPU
	EndGlobalSection
	GlobalSection(SolutionProperties) = preSolution
		HideSolutionNode = FALSE
	EndGlobalSection
	GlobalSection(ExtensibilityGlobals) = postSolution
		SolutionGuid = {709B2533-03DD-4206-8B72-4327A5689361}
	EndGlobalSection
EndGlobal
